{
  "lockfile_version": "1",
  "packages": {
    "starship@1.21.1": {
      "last_modified": "2024-12-23T21:10:33Z",
      "resolved": "github:NixOS/nixpkgs/de1864217bfa9b5845f465e771e0ecb48b30e02d#starship",
      "source": "devbox-search",
      "version": "1.21.1",
      "systems": {
        "aarch64-darwin": {
          "outputs": [
            {
              "name": "out",
              "path": "/nix/store/g9xiknwswqjan621addc37inqjpysm5b-starship-1.21.1",
              "default": true
            }
          ],
          "store_path": "/nix/store/g9xiknwswqjan621addc37inqjpysm5b-starship-1.21.1"
        },
        "aarch64-linux": {
          "outputs": [
            {
              "name": "out",
              "path": "/nix/store/ba5pkq9x6h726pac5d4ab9wihlqwxf49-starship-1.21.1",
              "default": true
            }
          ],
          "store_path": "/nix/store/ba5pkq9x6h726pac5d4ab9wihlqwxf49-starship-1.21.1"
        },
        "x86_64-darwin": {
          "outputs": [
            {
              "name": "out",
              "path": "/nix/store/wrhaj3ak1ri7p5zgybzhn6hk17hmqfzi-starship-1.21.1",
              "default": true
            }
          ],
          "store_path": "/nix/store/wrhaj3ak1ri7p5zgybzhn6hk17hmqfzi-starship-1.21.1"
        },
        "x86_64-linux": {
          "outputs": [
            {
              "name": "out",
              "path": "/nix/store/nys71imk0jpr20p6pmm0vv3cfip8i1w3-starship-1.21.1",
              "default": true
            }
          ],
          "store_path": "/nix/store/nys71imk0jpr20p6pmm0vv3cfip8i1w3-starship-1.21.1"
        }
      }
    }
  }
}
