{
  "lockfile_version": "1",
  "packages": {
    "azure-cli@latest": {
      "last_modified": "2024-12-31T03:55:54Z",
      "resolved": "github:NixOS/nixpkgs/69b9a8c860bdbb977adfa9c5e817ccb717884182#azure-cli",
      "source": "devbox-search",
      "version": "2.67.0",
      "systems": {
        "aarch64-darwin": {
          "outputs": [
            {
              "name": "out",
              "path": "/nix/store/0ianb9km1i6shdcblkiw5y2d50bjn3hy-python3.12-azure-cli-2.67.0",
              "default": true
            },
            {
              "name": "dist",
              "path": "/nix/store/vxgfs9gg5225dbyrb0zchc1fyfmj086g-python3.12-azure-cli-2.67.0-dist"
            }
          ],
          "store_path": "/nix/store/0ianb9km1i6shdcblkiw5y2d50bjn3hy-python3.12-azure-cli-2.67.0"
        },
        "aarch64-linux": {
          "outputs": [
            {
              "name": "out",
              "path": "/nix/store/1nxzp6qdii9s4l5ad0q95dw846sa04rc-python3.12-azure-cli-2.67.0",
              "default": true
            },
            {
              "name": "dist",
              "path": "/nix/store/n6sjmdx7s4i17q86qwiy72q9kqmwr55v-python3.12-azure-cli-2.67.0-dist"
            }
          ],
          "store_path": "/nix/store/1nxzp6qdii9s4l5ad0q95dw846sa04rc-python3.12-azure-cli-2.67.0"
        },
        "x86_64-darwin": {
          "outputs": [
            {
              "name": "out",
              "path": "/nix/store/qz6xyiyzm0kfgmwaa2h8rk8zyqnx0nfq-python3.12-azure-cli-2.67.0",
              "default": true
            },
            {
              "name": "dist",
              "path": "/nix/store/1wc26jkfjlib7yx36bv01k45q32vdy74-python3.12-azure-cli-2.67.0-dist"
            }
          ],
          "store_path": "/nix/store/qz6xyiyzm0kfgmwaa2h8rk8zyqnx0nfq-python3.12-azure-cli-2.67.0"
        },
        "x86_64-linux": {
          "outputs": [
            {
              "name": "out",
              "path": "/nix/store/gkj8g8qwdgvaqck5ipvbl0hlpmy7bjzn-python3.12-azure-cli-2.67.0",
              "default": true
            },
            {
              "name": "dist",
              "path": "/nix/store/5g7sx9npjq01pik2rl470qqhywlvss67-python3.12-azure-cli-2.67.0-dist"
            }
          ],
          "store_path": "/nix/store/gkj8g8qwdgvaqck5ipvbl0hlpmy7bjzn-python3.12-azure-cli-2.67.0"
        }
      }
    },
    "go@latest": {
      "last_modified": "2024-12-23T21:10:33Z",
      "resolved": "github:NixOS/nixpkgs/de1864217bfa9b5845f465e771e0ecb48b30e02d#go",
      "source": "devbox-search",
      "version": "1.23.4",
      "systems": {
        "aarch64-darwin": {
          "outputs": [
            {
              "name": "out",
              "path": "/nix/store/bva4mymi5b2lhvvbccx8ipws89rar1d8-go-1.23.4",
              "default": true
            }
          ],
          "store_path": "/nix/store/bva4mymi5b2lhvvbccx8ipws89rar1d8-go-1.23.4"
        },
        "aarch64-linux": {
          "outputs": [
            {
              "name": "out",
              "path": "/nix/store/9lvi0l2yf6bwamsjs5d5n9i57c6kbd2c-go-1.23.4",
              "default": true
            }
          ],
          "store_path": "/nix/store/9lvi0l2yf6bwamsjs5d5n9i57c6kbd2c-go-1.23.4"
        },
        "x86_64-darwin": {
          "outputs": [
            {
              "name": "out",
              "path": "/nix/store/sf1y7x29wvp9lppx5ya9h5b42fcmxb32-go-1.23.4",
              "default": true
            }
          ],
          "store_path": "/nix/store/sf1y7x29wvp9lppx5ya9h5b42fcmxb32-go-1.23.4"
        },
        "x86_64-linux": {
          "outputs": [
            {
              "name": "out",
              "path": "/nix/store/jfv85qbj4vb1dafcg6kncg4vrbq2bbxv-go-1.23.4",
              "default": true
            }
          ],
          "store_path": "/nix/store/jfv85qbj4vb1dafcg6kncg4vrbq2bbxv-go-1.23.4"
        }
      }
    },
    "starship@1.21.1": {
      "last_modified": "2024-12-23T21:10:33Z",
      "resolved": "github:NixOS/nixpkgs/de1864217bfa9b5845f465e771e0ecb48b30e02d#starship",
      "source": "devbox-search",
      "version": "1.21.1",
      "systems": {
        "aarch64-darwin": {
          "outputs": [
            {
              "name": "out",
              "path": "/nix/store/g9xiknwswqjan621addc37inqjpysm5b-starship-1.21.1",
              "default": true
            }
          ],
          "store_path": "/nix/store/g9xiknwswqjan621addc37inqjpysm5b-starship-1.21.1"
        },
        "aarch64-linux": {
          "outputs": [
            {
              "name": "out",
              "path": "/nix/store/ba5pkq9x6h726pac5d4ab9wihlqwxf49-starship-1.21.1",
              "default": true
            }
          ],
          "store_path": "/nix/store/ba5pkq9x6h726pac5d4ab9wihlqwxf49-starship-1.21.1"
        },
        "x86_64-darwin": {
          "outputs": [
            {
              "name": "out",
              "path": "/nix/store/wrhaj3ak1ri7p5zgybzhn6hk17hmqfzi-starship-1.21.1",
              "default": true
            }
          ],
          "store_path": "/nix/store/wrhaj3ak1ri7p5zgybzhn6hk17hmqfzi-starship-1.21.1"
        },
        "x86_64-linux": {
          "outputs": [
            {
              "name": "out",
              "path": "/nix/store/nys71imk0jpr20p6pmm0vv3cfip8i1w3-starship-1.21.1",
              "default": true
            }
          ],
          "store_path": "/nix/store/nys71imk0jpr20p6pmm0vv3cfip8i1w3-starship-1.21.1"
        }
      }
    },
    "terraform@1.9.3": {
      "last_modified": "2024-07-31T08:48:38Z",
      "resolved": "github:NixOS/nixpkgs/c3392ad349a5227f4a3464dce87bcc5046692fce#terraform",
      "source": "devbox-search",
      "version": "1.9.3",
      "systems": {
        "aarch64-darwin": {
          "outputs": [
            {
              "name": "out",
              "path": "/nix/store/z42aa6zvc1aigblahsfpwaxyjyfwnszg-terraform-1.9.3",
              "default": true
            }
          ],
          "store_path": "/nix/store/z42aa6zvc1aigblahsfpwaxyjyfwnszg-terraform-1.9.3"
        },
        "aarch64-linux": {
          "outputs": [
            {
              "name": "out",
              "path": "/nix/store/8dh8q89a78jh08psarnyvzndgrjm2g24-terraform-1.9.3",
              "default": true
            }
          ],
          "store_path": "/nix/store/8dh8q89a78jh08psarnyvzndgrjm2g24-terraform-1.9.3"
        },
        "x86_64-darwin": {
          "outputs": [
            {
              "name": "out",
              "path": "/nix/store/88qxvr01lxj4189f4azkwb4ifyf5cgf3-terraform-1.9.3",
              "default": true
            }
          ],
          "store_path": "/nix/store/88qxvr01lxj4189f4azkwb4ifyf5cgf3-terraform-1.9.3"
        },
        "x86_64-linux": {
          "outputs": [
            {
              "name": "out",
              "path": "/nix/store/yrq4jad0xa28j5k57widpvcbpc1y4jq4-terraform-1.9.3",
              "default": true
            }
          ],
          "store_path": "/nix/store/yrq4jad0xa28j5k57widpvcbpc1y4jq4-terraform-1.9.3"
        }
      }
    },
    "unzip@latest": {
      "last_modified": "2024-12-23T21:10:33Z",
      "resolved": "github:NixOS/nixpkgs/de1864217bfa9b5845f465e771e0ecb48b30e02d#unzip",
      "source": "devbox-search",
      "version": "6.0",
      "systems": {
        "aarch64-darwin": {
          "outputs": [
            {
              "name": "out",
              "path": "/nix/store/qdjjh8zy5shspc7hk7xdmpk1w7yqjnx2-unzip-6.0",
              "default": true
            }
          ],
          "store_path": "/nix/store/qdjjh8zy5shspc7hk7xdmpk1w7yqjnx2-unzip-6.0"
        },
        "aarch64-linux": {
          "outputs": [
            {
              "name": "out",
              "path": "/nix/store/k2ga3r9vzwpkz25ybp6jcb5nkb8v6cgf-unzip-6.0",
              "default": true
            }
          ],
          "store_path": "/nix/store/k2ga3r9vzwpkz25ybp6jcb5nkb8v6cgf-unzip-6.0"
        },
        "x86_64-darwin": {
          "outputs": [
            {
              "name": "out",
              "path": "/nix/store/6fs10f11x99fcj3q4znpyjpg4ll1vxq6-unzip-6.0",
              "default": true
            }
          ],
          "store_path": "/nix/store/6fs10f11x99fcj3q4znpyjpg4ll1vxq6-unzip-6.0"
        },
        "x86_64-linux": {
          "outputs": [
            {
              "name": "out",
              "path": "/nix/store/mpncgrbpnsrh62qplwzr6mcnq1by79rn-unzip-6.0",
              "default": true
            }
          ],
          "store_path": "/nix/store/mpncgrbpnsrh62qplwzr6mcnq1by79rn-unzip-6.0"
        }
      }
    }
  }
}
