{
  "lockfile_version": "1",
  "packages": {
    "curl@latest": {
      "last_modified": "2024-12-30T01:48:12Z",
      "resolved": "github:NixOS/nixpkgs/6d97d419e5a9b36e6293887a89a078cf85f5a61b#curl",
      "source": "devbox-search",
      "version": "8.11.0",
      "systems": {
        "aarch64-darwin": {
          "outputs": [
            {
              "name": "bin",
              "path": "/nix/store/s4idvq3pgjprcjg7sqp2h5cgp1pn8frs-curl-8.11.0-bin",
              "default": true
            },
            {
              "name": "man",
              "path": "/nix/store/gjv4ljqxdby4bm8z21rspqd247aprpcc-curl-8.11.0-man",
              "default": true
            },
            {
              "name": "dev",
              "path": "/nix/store/i4z3xbailna79bxycv6apy5f6phr3q0v-curl-8.11.0-dev"
            },
            {
              "name": "devdoc",
              "path": "/nix/store/2grp27ghxrmg56rzmc9cfqy6wvcv4mp0-curl-8.11.0-devdoc"
            },
            {
              "name": "out",
              "path": "/nix/store/ifcj5pbackbazl7b91g64m3kbd4v1q01-curl-8.11.0"
            }
          ],
          "store_path": "/nix/store/s4idvq3pgjprcjg7sqp2h5cgp1pn8frs-curl-8.11.0-bin"
        },
        "aarch64-linux": {
          "outputs": [
            {
              "name": "bin",
              "path": "/nix/store/yq8dwiyxrflg270359yvxk8xckkid04q-curl-8.11.0-bin",
              "default": true
            },
            {
              "name": "man",
              "path": "/nix/store/y3bzv3q3226l5w1ia8ybb4rfwi0z5y0d-curl-8.11.0-man",
              "default": true
            },
            {
              "name": "debug",
              "path": "/nix/store/hrzm29djj4n2l61pc3555kw3g17sr7z1-curl-8.11.0-debug"
            },
            {
              "name": "dev",
              "path": "/nix/store/kjri2i96wsg99wqd4yaj50rdjh3hz531-curl-8.11.0-dev"
            },
            {
              "name": "devdoc",
              "path": "/nix/store/02aq6i8g4mzs5bf0gvb562wcq51hizas-curl-8.11.0-devdoc"
            },
            {
              "name": "out",
              "path": "/nix/store/y340kr2q8x0y40krwzpv32x7d5c31jy7-curl-8.11.0"
            }
          ],
          "store_path": "/nix/store/yq8dwiyxrflg270359yvxk8xckkid04q-curl-8.11.0-bin"
        },
        "x86_64-darwin": {
          "outputs": [
            {
              "name": "bin",
              "path": "/nix/store/fmrh9cvrsfxv5bvv3cq853sz0y2q3cpd-curl-8.11.0-bin",
              "default": true
            },
            {
              "name": "man",
              "path": "/nix/store/c4n42gazswc9l8iiirv23xbpdk923gfw-curl-8.11.0-man",
              "default": true
            },
            {
              "name": "dev",
              "path": "/nix/store/ipjg6nffgq68mwdkqnj8nf5jri3hs1xf-curl-8.11.0-dev"
            },
            {
              "name": "devdoc",
              "path": "/nix/store/gqbnhsqw8m6cz49apl1cj2llgsbz5mic-curl-8.11.0-devdoc"
            },
            {
              "name": "out",
              "path": "/nix/store/32qkm0f9j9qdc91m4jnvj9imp6mfxxfz-curl-8.11.0"
            }
          ],
          "store_path": "/nix/store/fmrh9cvrsfxv5bvv3cq853sz0y2q3cpd-curl-8.11.0-bin"
        },
        "x86_64-linux": {
          "outputs": [
            {
              "name": "bin",
              "path": "/nix/store/yckhqngmx90bakzhcyrsk7dww1fm352s-curl-8.11.0-bin",
              "default": true
            },
            {
              "name": "man",
              "path": "/nix/store/fpm2i0k76mxbdjpwn8nifqpm25py1pfz-curl-8.11.0-man",
              "default": true
            },
            {
              "name": "devdoc",
              "path": "/nix/store/9fpcw3582c7p7rbq6v3hzj89gd7ibgif-curl-8.11.0-devdoc"
            },
            {
              "name": "out",
              "path": "/nix/store/8yfak7dis3yqqls4mclzp5jb1ic2jzab-curl-8.11.0"
            },
            {
              "name": "debug",
              "path": "/nix/store/qb1m3if99v266fzlwvrhsh3sq8wxcdg6-curl-8.11.0-debug"
            },
            {
              "name": "dev",
              "path": "/nix/store/g26bs63hz87c9s3sg0v42d6d8gjk36qw-curl-8.11.0-dev"
            }
          ],
          "store_path": "/nix/store/yckhqngmx90bakzhcyrsk7dww1fm352s-curl-8.11.0-bin"
        }
      }
    },
    "keychain@latest": {
      "last_modified": "2024-12-23T21:10:33Z",
      "resolved": "github:NixOS/nixpkgs/de1864217bfa9b5845f465e771e0ecb48b30e02d#keychain",
      "source": "devbox-search",
      "version": "2.8.5",
      "systems": {
        "aarch64-darwin": {
          "outputs": [
            {
              "name": "out",
              "path": "/nix/store/j2nm9hn3g700nkrsa5pda00qhk05xp5g-keychain-2.8.5",
              "default": true
            }
          ],
          "store_path": "/nix/store/j2nm9hn3g700nkrsa5pda00qhk05xp5g-keychain-2.8.5"
        },
        "aarch64-linux": {
          "outputs": [
            {
              "name": "out",
              "path": "/nix/store/dsn04daf5wk8571rhd2id4sbwijfjkrs-keychain-2.8.5",
              "default": true
            }
          ],
          "store_path": "/nix/store/dsn04daf5wk8571rhd2id4sbwijfjkrs-keychain-2.8.5"
        },
        "x86_64-darwin": {
          "outputs": [
            {
              "name": "out",
              "path": "/nix/store/cwiab4n9p8dq18fqjp0fh8m5ccd20mbs-keychain-2.8.5",
              "default": true
            }
          ],
          "store_path": "/nix/store/cwiab4n9p8dq18fqjp0fh8m5ccd20mbs-keychain-2.8.5"
        },
        "x86_64-linux": {
          "outputs": [
            {
              "name": "out",
              "path": "/nix/store/br7cs6y0g02lrmm287j6491j0iq0s7xb-keychain-2.8.5",
              "default": true
            }
          ],
          "store_path": "/nix/store/br7cs6y0g02lrmm287j6491j0iq0s7xb-keychain-2.8.5"
        }
      }
    },
    "lesspipe@latest": {
      "last_modified": "2024-12-26T01:25:00Z",
      "resolved": "github:NixOS/nixpkgs/16e046229f3b4f53257973a5532bcbb72457d2f2#lesspipe",
      "source": "devbox-search",
      "version": "2.14",
      "systems": {
        "aarch64-darwin": {
          "outputs": [
            {
              "name": "out",
              "path": "/nix/store/0h78axnhhfympq1f6fcpk4wvkhky9mvn-lesspipe-2.14",
              "default": true
            }
          ],
          "store_path": "/nix/store/0h78axnhhfympq1f6fcpk4wvkhky9mvn-lesspipe-2.14"
        },
        "aarch64-linux": {
          "outputs": [
            {
              "name": "out",
              "path": "/nix/store/8qn1amzn5qr8ijd6qv5r91vj2ryl3zzh-lesspipe-2.14",
              "default": true
            }
          ],
          "store_path": "/nix/store/8qn1amzn5qr8ijd6qv5r91vj2ryl3zzh-lesspipe-2.14"
        },
        "x86_64-darwin": {
          "outputs": [
            {
              "name": "out",
              "path": "/nix/store/h5bh9w71vycamhqbxjlx19iq1hw5jn14-lesspipe-2.14",
              "default": true
            }
          ],
          "store_path": "/nix/store/h5bh9w71vycamhqbxjlx19iq1hw5jn14-lesspipe-2.14"
        },
        "x86_64-linux": {
          "outputs": [
            {
              "name": "out",
              "path": "/nix/store/6v777rwwscpy6y5hqjqj8mgkr6qidx4p-lesspipe-2.14",
              "default": true
            }
          ],
          "store_path": "/nix/store/6v777rwwscpy6y5hqjqj8mgkr6qidx4p-lesspipe-2.14"
        }
      }
    },
    "starship@1.21.1": {
      "last_modified": "2024-12-23T21:10:33Z",
      "resolved": "github:NixOS/nixpkgs/de1864217bfa9b5845f465e771e0ecb48b30e02d#starship",
      "source": "devbox-search",
      "version": "1.21.1",
      "systems": {
        "aarch64-darwin": {
          "outputs": [
            {
              "name": "out",
              "path": "/nix/store/g9xiknwswqjan621addc37inqjpysm5b-starship-1.21.1",
              "default": true
            }
          ],
          "store_path": "/nix/store/g9xiknwswqjan621addc37inqjpysm5b-starship-1.21.1"
        },
        "aarch64-linux": {
          "outputs": [
            {
              "name": "out",
              "path": "/nix/store/ba5pkq9x6h726pac5d4ab9wihlqwxf49-starship-1.21.1",
              "default": true
            }
          ],
          "store_path": "/nix/store/ba5pkq9x6h726pac5d4ab9wihlqwxf49-starship-1.21.1"
        },
        "x86_64-darwin": {
          "outputs": [
            {
              "name": "out",
              "path": "/nix/store/wrhaj3ak1ri7p5zgybzhn6hk17hmqfzi-starship-1.21.1",
              "default": true
            }
          ],
          "store_path": "/nix/store/wrhaj3ak1ri7p5zgybzhn6hk17hmqfzi-starship-1.21.1"
        },
        "x86_64-linux": {
          "outputs": [
            {
              "name": "out",
              "path": "/nix/store/nys71imk0jpr20p6pmm0vv3cfip8i1w3-starship-1.21.1",
              "default": true
            }
          ],
          "store_path": "/nix/store/nys71imk0jpr20p6pmm0vv3cfip8i1w3-starship-1.21.1"
        }
      }
    },
    "terraform@1.9.3": {
      "last_modified": "2024-07-31T08:48:38Z",
      "resolved": "github:NixOS/nixpkgs/c3392ad349a5227f4a3464dce87bcc5046692fce#terraform",
      "source": "devbox-search",
      "version": "1.9.3",
      "systems": {
        "aarch64-darwin": {
          "outputs": [
            {
              "name": "out",
              "path": "/nix/store/z42aa6zvc1aigblahsfpwaxyjyfwnszg-terraform-1.9.3",
              "default": true
            }
          ],
          "store_path": "/nix/store/z42aa6zvc1aigblahsfpwaxyjyfwnszg-terraform-1.9.3"
        },
        "aarch64-linux": {
          "outputs": [
            {
              "name": "out",
              "path": "/nix/store/8dh8q89a78jh08psarnyvzndgrjm2g24-terraform-1.9.3",
              "default": true
            }
          ],
          "store_path": "/nix/store/8dh8q89a78jh08psarnyvzndgrjm2g24-terraform-1.9.3"
        },
        "x86_64-darwin": {
          "outputs": [
            {
              "name": "out",
              "path": "/nix/store/88qxvr01lxj4189f4azkwb4ifyf5cgf3-terraform-1.9.3",
              "default": true
            }
          ],
          "store_path": "/nix/store/88qxvr01lxj4189f4azkwb4ifyf5cgf3-terraform-1.9.3"
        },
        "x86_64-linux": {
          "outputs": [
            {
              "name": "out",
              "path": "/nix/store/yrq4jad0xa28j5k57widpvcbpc1y4jq4-terraform-1.9.3",
              "default": true
            }
          ],
          "store_path": "/nix/store/yrq4jad0xa28j5k57widpvcbpc1y4jq4-terraform-1.9.3"
        }
      }
    },
    "unzip@latest": {
      "last_modified": "2024-12-23T21:10:33Z",
      "resolved": "github:NixOS/nixpkgs/de1864217bfa9b5845f465e771e0ecb48b30e02d#unzip",
      "source": "devbox-search",
      "version": "6.0",
      "systems": {
        "aarch64-darwin": {
          "outputs": [
            {
              "name": "out",
              "path": "/nix/store/qdjjh8zy5shspc7hk7xdmpk1w7yqjnx2-unzip-6.0",
              "default": true
            }
          ],
          "store_path": "/nix/store/qdjjh8zy5shspc7hk7xdmpk1w7yqjnx2-unzip-6.0"
        },
        "aarch64-linux": {
          "outputs": [
            {
              "name": "out",
              "path": "/nix/store/k2ga3r9vzwpkz25ybp6jcb5nkb8v6cgf-unzip-6.0",
              "default": true
            }
          ],
          "store_path": "/nix/store/k2ga3r9vzwpkz25ybp6jcb5nkb8v6cgf-unzip-6.0"
        },
        "x86_64-darwin": {
          "outputs": [
            {
              "name": "out",
              "path": "/nix/store/6fs10f11x99fcj3q4znpyjpg4ll1vxq6-unzip-6.0",
              "default": true
            }
          ],
          "store_path": "/nix/store/6fs10f11x99fcj3q4znpyjpg4ll1vxq6-unzip-6.0"
        },
        "x86_64-linux": {
          "outputs": [
            {
              "name": "out",
              "path": "/nix/store/mpncgrbpnsrh62qplwzr6mcnq1by79rn-unzip-6.0",
              "default": true
            }
          ],
          "store_path": "/nix/store/mpncgrbpnsrh62qplwzr6mcnq1by79rn-unzip-6.0"
        }
      }
    }
  }
}
